
Microsoft Visual Studio Solution File, Format Version 12.00
# Visual Studio Version 17
VisualStudioVersion = 17.13.35825.156 d17.13
MinimumVisualStudioVersion = 10.0.40219.1
Project("{FAE04EC0-301F-11D3-BF4B-00C04F79EFBC}") = "InventoryManagement.Api", "InventoryManagement.Api\InventoryManagement.Api.csproj", "{845D3D9B-BBA7-407D-B5CF-2866474D3537}"
EndProject
Project("{FAE04EC0-301F-11D3-BF4B-00C04F79EFBC}") = "InventoryManagement.Domain", "InventoryManagement.Domain\InventoryManagement.Domain.csproj", "{C6CE53D2-22A3-442E-9242-FDC7620730A9}"
EndProject
Project("{FAE04EC0-301F-11D3-BF4B-00C04F79EFBC}") = "InventoryManagement.Application", "InventoryManagement.Application\InventoryManagement.Application.csproj", "{32A00143-4515-4815-85F3-11DDD87E050B}"
EndProject
Project("{FAE04EC0-301F-11D3-BF4B-00C04F79EFBC}") = "InventoryManagement.Infrastructure", "InventoryManagement.Infrastructure\InventoryManagement.Infrastructure.csproj", "{2BB7A0E0-735D-40BA-B1A1-DAFCE0DFA480}"
EndProject
Global
	GlobalSection(SolutionConfigurationPlatforms) = preSolution
		Debug|Any CPU = Debug|Any CPU
		Release|Any CPU = Release|Any CPU
	EndGlobalSection
	GlobalSection(ProjectConfigurationPlatforms) = postSolution
		{845D3D9B-BBA7-407D-B5CF-2866474D3537}.Debug|Any CPU.ActiveCfg = Debug|Any CPU
		{845D3D9B-BBA7-407D-B5CF-2866474D3537}.Debug|Any CPU.Build.0 = Debug|Any CPU
		{845D3D9B-BBA7-407D-B5CF-2866474D3537}.Release|Any CPU.ActiveCfg = Release|Any CPU
		{845D3D9B-BBA7-407D-B5CF-2866474D3537}.Release|Any CPU.Build.0 = Release|Any CPU
		{C6CE53D2-22A3-442E-9242-FDC7620730A9}.Debug|Any CPU.ActiveCfg = Debug|Any CPU
		{C6CE53D2-22A3-442E-9242-FDC7620730A9}.Debug|Any CPU.Build.0 = Debug|Any CPU
		{C6CE53D2-22A3-442E-9242-FDC7620730A9}.Release|Any CPU.ActiveCfg = Release|Any CPU
		{C6CE53D2-22A3-442E-9242-FDC7620730A9}.Release|Any CPU.Build.0 = Release|Any CPU
		{32A00143-4515-4815-85F3-11DDD87E050B}.Debug|Any CPU.ActiveCfg = Debug|Any CPU
		{32A00143-4515-4815-85F3-11DDD87E050B}.Debug|Any CPU.Build.0 = Debug|Any CPU
		{32A00143-4515-4815-85F3-11DDD87E050B}.Release|Any CPU.ActiveCfg = Release|Any CPU
		{32A00143-4515-4815-85F3-11DDD87E050B}.Release|Any CPU.Build.0 = Release|Any CPU
		{2BB7A0E0-735D-40BA-B1A1-DAFCE0DFA480}.Debug|Any CPU.ActiveCfg = Debug|Any CPU
		{2BB7A0E0-735D-40BA-B1A1-DAFCE0DFA480}.Debug|Any CPU.Build.0 = Debug|Any CPU
		{2BB7A0E0-735D-40BA-B1A1-DAFCE0DFA480}.Release|Any CPU.ActiveCfg = Release|Any CPU
		{2BB7A0E0-735D-40BA-B1A1-DAFCE0DFA480}.Release|Any CPU.Build.0 = Release|Any CPU
	EndGlobalSection
	GlobalSection(SolutionProperties) = preSolution
		HideSolutionNode = FALSE
	EndGlobalSection
	GlobalSection(ExtensibilityGlobals) = postSolution
		SolutionGuid = {5F25CBB6-19B2-4F32-852B-9B993F04C5F1}
	EndGlobalSection
EndGlobal
